{
  "requires": true,
  "lockfileVersion": 1,
  "dependencies": {
    "print-js": {
      "version": "1.6.0",
      "resolved": "https://registry.npmjs.org/print-js/-/print-js-1.6.0.tgz",
      "integrity": "sha512-BfnOIzSKbqGRtO4o0rnj/K3681BSd2QUrsIZy/+WdCIugjIswjmx3lDEZpXB2ruGf9d4b3YNINri81+J0FsBWg=="
    }
  }
}
